// !$*UTF8*$!
{
	archiveVersion = 1;
	classes = {
	};
	objectVersion = 56;
	objects = {

/* Begin PBXBuildFile section */
		1A37B4E12C1A4AD500FADA3B /* TaskListApp.swift in Sources */ = {isa = PBXBuildFile; fileRef = 1A37B4E02C1A4AD500FADA3B /* TaskListApp.swift */; };
		1A37B4E32C1A4AD500FADA3B /* ContentView.swift in Sources */ = {isa = PBXBuildFile; fileRef = 1A37B4E22C1A4AD500FADA3B /* ContentView.swift */; };
		1A37B4E52C1A4AD700FADA3B /* Assets.xcassets in Resources */ = {isa = PBXBuildFile; fileRef = 1A37B4E42C1A4AD700FADA3B /* Assets.xcassets */; };
		1A37B4E82C1A4AD700FADA3B /* Preview Assets.xcassets in Resources */ = {isa = PBXBuildFile; fileRef = 1A37B4E72C1A4AD700FADA3B /* Preview Assets.xcassets */; };
		1A37B4F22C1A4AD700FADA3B /* TaskListTests.swift in Sources */ = {isa = PBXBuildFile; fileRef = 1A37B4F12C1A4AD700FADA3B /* TaskListTests.swift */; };
		1A37B4FC2C1A4AD700FADA3B /* TaskListUITests.swift in Sources */ = {isa = PBXBuildFile; fileRef = 1A37B4FB2C1A4AD700FADA3B /* TaskListUITests.swift */; };
		1A37B4FE2C1A4AD700FADA3B /* TaskListUITestsLaunchTests.swift in Sources */ = {isa = PBXBuildFile; fileRef = 1A37B4FD2C1A4AD700FADA3B /* TaskListUITestsLaunchTests.swift */; };
		1A70563B2C1EF25A00BDB7ED /* StatusIndicator.swift in Sources */ = {isa = PBXBuildFile; fileRef = 1A70563A2C1EF25A00BDB7ED /* StatusIndicator.swift */; };
		1A70563D2C1EF27100BDB7ED /* Todo.swift in Sources */ = {isa = PBXBuildFile; fileRef = 1A70563C2C1EF27100BDB7ED /* Todo.swift */; };
		1A70563F2C1EF2A500BDB7ED /* TodoDetailView.swift in Sources */ = {isa = PBXBuildFile; fileRef = 1A70563E2C1EF2A500BDB7ED /* TodoDetailView.swift */; };
		1A7056412C1EF36E00BDB7ED /* TodoEditView.swift in Sources */ = {isa = PBXBuildFile; fileRef = 1A7056402C1EF36E00BDB7ED /* TodoEditView.swift */; };
		1A7056442C1EF95700BDB7ED /* UserDefaults.swift in Sources */ = {isa = PBXBuildFile; fileRef = 1A7056432C1EF95700BDB7ED /* UserDefaults.swift */; };
		1A7056482C1F001600BDB7ED /* TodoAddView.swift in Sources */ = {isa = PBXBuildFile; fileRef = 1A7056472C1F001600BDB7ED /* TodoAddView.swift */; };
/* End PBXBuildFile section */

/* Begin PBXContainerItemProxy section */
		1A37B4EE2C1A4AD700FADA3B /* PBXContainerItemProxy */ = {
			isa = PBXContainerItemProxy;
			containerPortal = 1A37B4D52C1A4AD500FADA3B /* Project object */;
			proxyType = 1;
			remoteGlobalIDString = 1A37B4DC2C1A4AD500FADA3B;
			remoteInfo = TaskList;
		};
		1A37B4F82C1A4AD700FADA3B /* PBXContainerItemProxy */ = {
			isa = PBXContainerItemProxy;
			containerPortal = 1A37B4D52C1A4AD500FADA3B /* Project object */;
			proxyType = 1;
			remoteGlobalIDString = 1A37B4DC2C1A4AD500FADA3B;
			remoteInfo = TaskList;
		};
/* End PBXContainerItemProxy section */

/* Begin PBXFileReference section */
		1A37B4DD2C1A4AD500FADA3B /* TaskList.app */ = {isa = PBXFileReference; explicitFileType = wrapper.application; includeInIndex = 0; path = TaskList.app; sourceTree = BUILT_PRODUCTS_DIR; };
		1A37B4E02C1A4AD500FADA3B /* TaskListApp.swift */ = {isa = PBXFileReference; lastKnownFileType = sourcecode.swift; path = TaskListApp.swift; sourceTree = "<group>"; };
		1A37B4E22C1A4AD500FADA3B /* ContentView.swift */ = {isa = PBXFileReference; lastKnownFileType = sourcecode.swift; path = ContentView.swift; sourceTree = "<group>"; };
		1A37B4E42C1A4AD700FADA3B /* Assets.xcassets */ = {isa = PBXFileReference; lastKnownFileType = folder.assetcatalog; path = Assets.xcassets; sourceTree = "<group>"; };
		1A37B4E72C1A4AD700FADA3B /* Preview Assets.xcassets */ = {isa = PBXFileReference; lastKnownFileType = folder.assetcatalog; path = "Preview Assets.xcassets"; sourceTree = "<group>"; };
		1A37B4ED2C1A4AD700FADA3B /* TaskListTests.xctest */ = {isa = PBXFileReference; explicitFileType = wrapper.cfbundle; includeInIndex = 0; path = TaskListTests.xctest; sourceTree = BUILT_PRODUCTS_DIR; };
		1A37B4F12C1A4AD700FADA3B /* TaskListTests.swift */ = {isa = PBXFileReference; lastKnownFileType = sourcecode.swift; path = TaskListTests.swift; sourceTree = "<group>"; };
		1A37B4F72C1A4AD700FADA3B /* TaskListUITests.xctest */ = {isa = PBXFileReference; explicitFileType = wrapper.cfbundle; includeInIndex = 0; path = TaskListUITests.xctest; sourceTree = BUILT_PRODUCTS_DIR; };
		1A37B4FB2C1A4AD700FADA3B /* TaskListUITests.swift */ = {isa = PBXFileReference; lastKnownFileType = sourcecode.swift; path = TaskListUITests.swift; sourceTree = "<group>"; };
		1A37B4FD2C1A4AD700FADA3B /* TaskListUITestsLaunchTests.swift */ = {isa = PBXFileReference; lastKnownFileType = sourcecode.swift; path = TaskListUITestsLaunchTests.swift; sourceTree = "<group>"; };
		1A70563A2C1EF25A00BDB7ED /* StatusIndicator.swift */ = {isa = PBXFileReference; lastKnownFileType = sourcecode.swift; path = StatusIndicator.swift; sourceTree = "<group>"; };
		1A70563C2C1EF27100BDB7ED /* Todo.swift */ = {isa = PBXFileReference; lastKnownFileType = sourcecode.swift; path = Todo.swift; sourceTree = "<group>"; };
		1A70563E2C1EF2A500BDB7ED /* TodoDetailView.swift */ = {isa = PBXFileReference; lastKnownFileType = sourcecode.swift; path = TodoDetailView.swift; sourceTree = "<group>"; };
		1A7056402C1EF36E00BDB7ED /* TodoEditView.swift */ = {isa = PBXFileReference; lastKnownFileType = sourcecode.swift; path = TodoEditView.swift; sourceTree = "<group>"; };
		1A7056432C1EF95700BDB7ED /* UserDefaults.swift */ = {isa = PBXFileReference; lastKnownFileType = sourcecode.swift; path = UserDefaults.swift; sourceTree = "<group>"; };
		1A7056472C1F001600BDB7ED /* TodoAddView.swift */ = {isa = PBXFileReference; lastKnownFileType = sourcecode.swift; path = TodoAddView.swift; sourceTree = "<group>"; };
/* End PBXFileReference section */

/* Begin PBXFrameworksBuildPhase section */
		1A37B4DA2C1A4AD500FADA3B /* Frameworks */ = {
			isa = PBXFrameworksBuildPhase;
			buildActionMask = 2147483647;
			files = (
			);
			runOnlyForDeploymentPostprocessing = 0;
		};
		1A37B4EA2C1A4AD700FADA3B /* Frameworks */ = {
			isa = PBXFrameworksBuildPhase;
			buildActionMask = 2147483647;
			files = (
			);
			runOnlyForDeploymentPostprocessing = 0;
		};
		1A37B4F42C1A4AD700FADA3B /* Frameworks */ = {
			isa = PBXFrameworksBuildPhase;
			buildActionMask = 2147483647;
			files = (
			);
			runOnlyForDeploymentPostprocessing = 0;
		};
/* End PBXFrameworksBuildPhase section */

/* Begin PBXGroup section */
		1A37B4D42C1A4AD500FADA3B = {
			isa = PBXGroup;
			children = (
				1A37B4DF2C1A4AD500FADA3B /* TaskList */,
				1A37B4F02C1A4AD700FADA3B /* TaskListTests */,
				1A37B4FA2C1A4AD700FADA3B /* TaskListUITests */,
				1A37B4DE2C1A4AD500FADA3B /* Products */,
			);
			sourceTree = "<group>";
		};
		1A37B4DE2C1A4AD500FADA3B /* Products */ = {
			isa = PBXGroup;
			children = (
				1A37B4DD2C1A4AD500FADA3B /* TaskList.app */,
				1A37B4ED2C1A4AD700FADA3B /* TaskListTests.xctest */,
				1A37B4F72C1A4AD700FADA3B /* TaskListUITests.xctest */,
			);
			name = Products;
			sourceTree = "<group>";
		};
		1A37B4DF2C1A4AD500FADA3B /* TaskList */ = {
			isa = PBXGroup;
			children = (
				1A7056422C1EF93100BDB7ED /* Utilities */,
				1A7056392C1EF23900BDB7ED /* View */,
				1A7056382C1EF23400BDB7ED /* Model */,
				1A37B4E02C1A4AD500FADA3B /* TaskListApp.swift */,
				1A37B4E42C1A4AD700FADA3B /* Assets.xcassets */,
				1A37B4E62C1A4AD700FADA3B /* Preview Content */,
			);
			path = TaskList;
			sourceTree = "<group>";
		};
		1A37B4E62C1A4AD700FADA3B /* Preview Content */ = {
			isa = PBXGroup;
			children = (
				1A37B4E72C1A4AD700FADA3B /* Preview Assets.xcassets */,
			);
			path = "Preview Content";
			sourceTree = "<group>";
		};
		1A37B4F02C1A4AD700FADA3B /* TaskListTests */ = {
			isa = PBXGroup;
			children = (
				1A37B4F12C1A4AD700FADA3B /* TaskListTests.swift */,
			);
			path = TaskListTests;
			sourceTree = "<group>";
		};
		1A37B4FA2C1A4AD700FADA3B /* TaskListUITests */ = {
			isa = PBXGroup;
			children = (
				1A37B4FB2C1A4AD700FADA3B /* TaskListUITests.swift */,
				1A37B4FD2C1A4AD700FADA3B /* TaskListUITestsLaunchTests.swift */,
			);
			path = TaskListUITests;
			sourceTree = "<group>";
		};
		1A7056382C1EF23400BDB7ED /* Model */ = {
			isa = PBXGroup;
			children = (
				1A70563C2C1EF27100BDB7ED /* Todo.swift */,
			);
			path = Model;
			sourceTree = "<group>";
		};
		1A7056392C1EF23900BDB7ED /* View */ = {
			isa = PBXGroup;
			children = (
				1A70563A2C1EF25A00BDB7ED /* StatusIndicator.swift */,
				1A37B4E22C1A4AD500FADA3B /* ContentView.swift */,
				1A70563E2C1EF2A500BDB7ED /* TodoDetailView.swift */,
				1A7056472C1F001600BDB7ED /* TodoAddView.swift */,
				1A7056402C1EF36E00BDB7ED /* TodoEditView.swift */,
			);
			path = View;
			sourceTree = "<group>";
		};
		1A7056422C1EF93100BDB7ED /* Utilities */ = {
			isa = PBXGroup;
			children = (
				1A7056432C1EF95700BDB7ED /* UserDefaults.swift */,
			);
			path = Utilities;
			sourceTree = "<group>";
		};
/* End PBXGroup section */

/* Begin PBXNativeTarget section */
		1A37B4DC2C1A4AD500FADA3B /* TaskList */ = {
			isa = PBXNativeTarget;
			buildConfigurationList = 1A37B5012C1A4AD700FADA3B /* Build configuration list for PBXNativeTarget "TaskList" */;
			buildPhases = (
				1A37B4D92C1A4AD500FADA3B /* Sources */,
				1A37B4DA2C1A4AD500FADA3B /* Frameworks */,
				1A37B4DB2C1A4AD500FADA3B /* Resources */,
			);
			buildRules = (
			);
			dependencies = (
			);
			name = TaskList;
			productName = TaskList;
			productReference = 1A37B4DD2C1A4AD500FADA3B /* TaskList.app */;
			productType = "com.apple.product-type.application";
		};
		1A37B4EC2C1A4AD700FADA3B /* TaskListTests */ = {
			isa = PBXNativeTarget;
			buildConfigurationList = 1A37B5042C1A4AD700FADA3B /* Build configuration list for PBXNativeTarget "TaskListTests" */;
			buildPhases = (
				1A37B4E92C1A4AD700FADA3B /* Sources */,
				1A37B4EA2C1A4AD700FADA3B /* Frameworks */,
				1A37B4EB2C1A4AD700FADA3B /* Resources */,
			);
			buildRules = (
			);
			dependencies = (
				1A37B4EF2C1A4AD700FADA3B /* PBXTargetDependency */,
			);
			name = TaskListTests;
			productName = TaskListTests;
			productReference = 1A37B4ED2C1A4AD700FADA3B /* TaskListTests.xctest */;
			productType = "com.apple.product-type.bundle.unit-test";
		};
		1A37B4F62C1A4AD700FADA3B /* TaskListUITests */ = {
			isa = PBXNativeTarget;
			buildConfigurationList = 1A37B5072C1A4AD700FADA3B /* Build configuration list for PBXNativeTarget "TaskListUITests" */;
			buildPhases = (
				1A37B4F32C1A4AD700FADA3B /* Sources */,
				1A37B4F42C1A4AD700FADA3B /* Frameworks */,
				1A37B4F52C1A4AD700FADA3B /* Resources */,
			);
			buildRules = (
			);
			dependencies = (
				1A37B4F92C1A4AD700FADA3B /* PBXTargetDependency */,
			);
			name = TaskListUITests;
			productName = TaskListUITests;
			productReference = 1A37B4F72C1A4AD700FADA3B /* TaskListUITests.xctest */;
			productType = "com.apple.product-type.bundle.ui-testing";
		};
/* End PBXNativeTarget section */

/* Begin PBXProject section */
		1A37B4D52C1A4AD500FADA3B /* Project object */ = {
			isa = PBXProject;
			attributes = {
				BuildIndependentTargetsInParallel = 1;
				LastSwiftUpdateCheck = 1520;
				LastUpgradeCheck = 1520;
				TargetAttributes = {
					1A37B4DC2C1A4AD500FADA3B = {
						CreatedOnToolsVersion = 15.2;
					};
					1A37B4EC2C1A4AD700FADA3B = {
						CreatedOnToolsVersion = 15.2;
						TestTargetID = 1A37B4DC2C1A4AD500FADA3B;
					};
					1A37B4F62C1A4AD700FADA3B = {
						CreatedOnToolsVersion = 15.2;
						TestTargetID = 1A37B4DC2C1A4AD500FADA3B;
					};
				};
			};
			buildConfigurationList = 1A37B4D82C1A4AD500FADA3B /* Build configuration list for PBXProject "TaskList" */;
			compatibilityVersion = "Xcode 14.0";
			developmentRegion = en;
			hasScannedForEncodings = 0;
			knownRegions = (
				en,
				Base,
			);
			mainGroup = 1A37B4D42C1A4AD500FADA3B;
			productRefGroup = 1A37B4DE2C1A4AD500FADA3B /* Products */;
			projectDirPath = "";
			projectRoot = "";
			targets = (
				1A37B4DC2C1A4AD500FADA3B /* TaskList */,
				1A37B4EC2C1A4AD700FADA3B /* TaskListTests */,
				1A37B4F62C1A4AD700FADA3B /* TaskListUITests */,
			);
		};
/* End PBXProject section */

/* Begin PBXResourcesBuildPhase section */
		1A37B4DB2C1A4AD500FADA3B /* Resources */ = {
			isa = PBXResourcesBuildPhase;
			buildActionMask = 2147483647;
			files = (
				1A37B4E82C1A4AD700FADA3B /* Preview Assets.xcassets in Resources */,
				1A37B4E52C1A4AD700FADA3B /* Assets.xcassets in Resources */,
			);
			runOnlyForDeploymentPostprocessing = 0;
		};
		1A37B4EB2C1A4AD700FADA3B /* Resources */ = {
			isa = PBXResourcesBuildPhase;
			buildActionMask = 2147483647;
			files = (
			);
			runOnlyForDeploymentPostprocessing = 0;
		};
		1A37B4F52C1A4AD700FADA3B /* Resources */ = {
			isa = PBXResourcesBuildPhase;
			buildActionMask = 2147483647;
			files = (
			);
			runOnlyForDeploymentPostprocessing = 0;
		};
/* End PBXResourcesBuildPhase section */

/* Begin PBXSourcesBuildPhase section */
		1A37B4D92C1A4AD500FADA3B /* Sources */ = {
			isa = PBXSourcesBuildPhase;
			buildActionMask = 2147483647;
			files = (
				1A7056412C1EF36E00BDB7ED /* TodoEditView.swift in Sources */,
				1A70563F2C1EF2A500BDB7ED /* TodoDetailView.swift in Sources */,
				1A70563B2C1EF25A00BDB7ED /* StatusIndicator.swift in Sources */,
				1A37B4E32C1A4AD500FADA3B /* ContentView.swift in Sources */,
				1A37B4E12C1A4AD500FADA3B /* TaskListApp.swift in Sources */,
				1A7056442C1EF95700BDB7ED /* UserDefaults.swift in Sources */,
				1A7056482C1F001600BDB7ED /* TodoAddView.swift in Sources */,
				1A70563D2C1EF27100BDB7ED /* Todo.swift in Sources */,
			);
			runOnlyForDeploymentPostprocessing = 0;
		};
		1A37B4E92C1A4AD700FADA3B /* Sources */ = {
			isa = PBXSourcesBuildPhase;
			buildActionMask = 2147483647;
			files = (
				1A37B4F22C1A4AD700FADA3B /* TaskListTests.swift in Sources */,
			);
			runOnlyForDeploymentPostprocessing = 0;
		};
		1A37B4F32C1A4AD700FADA3B /* Sources */ = {
			isa = PBXSourcesBuildPhase;
			buildActionMask = 2147483647;
			files = (
				1A37B4FE2C1A4AD700FADA3B /* TaskListUITestsLaunchTests.swift in Sources */,
				1A37B4FC2C1A4AD700FADA3B /* TaskListUITests.swift in Sources */,
			);
			runOnlyForDeploymentPostprocessing = 0;
		};
/* End PBXSourcesBuildPhase section */

/* Begin PBXTargetDependency section */
		1A37B4EF2C1A4AD700FADA3B /* PBXTargetDependency */ = {
			isa = PBXTargetDependency;
			target = 1A37B4DC2C1A4AD500FADA3B /* TaskList */;
			targetProxy = 1A37B4EE2C1A4AD700FADA3B /* PBXContainerItemProxy */;
		};
		1A37B4F92C1A4AD700FADA3B /* PBXTargetDependency */ = {
			isa = PBXTargetDependency;
			target = 1A37B4DC2C1A4AD500FADA3B /* TaskList */;
			targetProxy = 1A37B4F82C1A4AD700FADA3B /* PBXContainerItemProxy */;
		};
/* End PBXTargetDependency section */

/* Begin XCBuildConfiguration section */
		1A37B4FF2C1A4AD700FADA3B /* Debug */ = {
			isa = XCBuildConfiguration;
			buildSettings = {
				ALWAYS_SEARCH_USER_PATHS = NO;
				ASSETCATALOG_COMPILER_GENERATE_SWIFT_ASSET_SYMBOL_EXTENSIONS = YES;
				CLANG_ANALYZER_NONNULL = YES;
				CLANG_ANALYZER_NUMBER_OBJECT_CONVERSION = YES_AGGRESSIVE;
				CLANG_CXX_LANGUAGE_STANDARD = "gnu++20";
				CLANG_ENABLE_MODULES = YES;
				CLANG_ENABLE_OBJC_ARC = YES;
				CLANG_ENABLE_OBJC_WEAK = YES;
				CLANG_WARN_BLOCK_CAPTURE_AUTORELEASING = YES;
				CLANG_WARN_BOOL_CONVERSION = YES;
				CLANG_WARN_COMMA = YES;
				CLANG_WARN_CONSTANT_CONVERSION = YES;
				CLANG_WARN_DEPRECATED_OBJC_IMPLEMENTATIONS = YES;
				CLANG_WARN_DIRECT_OBJC_ISA_USAGE = YES_ERROR;
				CLANG_WARN_DOCUMENTATION_COMMENTS = YES;
				CLANG_WARN_EMPTY_BODY = YES;
				CLANG_WARN_ENUM_CONVERSION = YES;
				CLANG_WARN_INFINITE_RECURSION = YES;
				CLANG_WARN_INT_CONVERSION = YES;
				CLANG_WARN_NON_LITERAL_NULL_CONVERSION = YES;
				CLANG_WARN_OBJC_IMPLICIT_RETAIN_SELF = YES;
				CLANG_WARN_OBJC_LITERAL_CONVERSION = YES;
				CLANG_WARN_OBJC_ROOT_CLASS = YES_ERROR;
				CLANG_WARN_QUOTED_INCLUDE_IN_FRAMEWORK_HEADER = YES;
				CLANG_WARN_RANGE_LOOP_ANALYSIS = YES;
				CLANG_WARN_STRICT_PROTOTYPES = YES;
				CLANG_WARN_SUSPICIOUS_MOVE = YES;
				CLANG_WARN_UNGUARDED_AVAILABILITY = YES_AGGRESSIVE;
				CLANG_WARN_UNREACHABLE_CODE = YES;
				CLANG_WARN__DUPLICATE_METHOD_MATCH = YES;
				COPY_PHASE_STRIP = NO;
				DEBUG_INFORMATION_FORMAT = dwarf;
				ENABLE_STRICT_OBJC_MSGSEND = YES;
				ENABLE_TESTABILITY = YES;
				ENABLE_USER_SCRIPT_SANDBOXING = YES;
				GCC_C_LANGUAGE_STANDARD = gnu17;
				GCC_DYNAMIC_NO_PIC = NO;
				GCC_NO_COMMON_BLOCKS = YES;
				GCC_OPTIMIZATION_LEVEL = 0;
				GCC_PREPROCESSOR_DEFINITIONS = (
					"DEBUG=1",
					"$(inherited)",
				);
				GCC_WARN_64_TO_32_BIT_CONVERSION = YES;
				GCC_WARN_ABOUT_RETURN_TYPE = YES_ERROR;
				GCC_WARN_UNDECLARED_SELECTOR = YES;
				GCC_WARN_UNINITIALIZED_AUTOS = YES_AGGRESSIVE;
				GCC_WARN_UNUSED_FUNCTION = YES;
				GCC_WARN_UNUSED_VARIABLE = YES;
				IPHONEOS_DEPLOYMENT_TARGET = 17.2;
				LOCALIZATION_PREFERS_STRING_CATALOGS = YES;
				MTL_ENABLE_DEBUG_INFO = INCLUDE_SOURCE;
				MTL_FAST_MATH = YES;
				ONLY_ACTIVE_ARCH = YES;
				SDKROOT = iphoneos;
				SWIFT_ACTIVE_COMPILATION_CONDITIONS = "DEBUG $(inherited)";
				SWIFT_OPTIMIZATION_LEVEL = "-Onone";
			};
			name = Debug;
		};
		1A37B5002C1A4AD700FADA3B /* Release */ = {
			isa = XCBuildConfiguration;
			buildSettings = {
				ALWAYS_SEARCH_USER_PATHS = NO;
				ASSETCATALOG_COMPILER_GENERATE_SWIFT_ASSET_SYMBOL_EXTENSIONS = YES;
				CLANG_ANALYZER_NONNULL = YES;
				CLANG_ANALYZER_NUMBER_OBJECT_CONVERSION = YES_AGGRESSIVE;
				CLANG_CXX_LANGUAGE_STANDARD = "gnu++20";
				CLANG_ENABLE_MODULES = YES;
				CLANG_ENABLE_OBJC_ARC = YES;
				CLANG_ENABLE_OBJC_WEAK = YES;
				CLANG_WARN_BLOCK_CAPTURE_AUTORELEASING = YES;
				CLANG_WARN_BOOL_CONVERSION = YES;
				CLANG_WARN_COMMA = YES;
				CLANG_WARN_CONSTANT_CONVERSION = YES;
				CLANG_WARN_DEPRECATED_OBJC_IMPLEMENTATIONS = YES;
				CLANG_WARN_DIRECT_OBJC_ISA_USAGE = YES_ERROR;
				CLANG_WARN_DOCUMENTATION_COMMENTS = YES;
				CLANG_WARN_EMPTY_BODY = YES;
				CLANG_WARN_ENUM_CONVERSION = YES;
				CLANG_WARN_INFINITE_RECURSION = YES;
				CLANG_WARN_INT_CONVERSION = YES;
				CLANG_WARN_NON_LITERAL_NULL_CONVERSION = YES;
				CLANG_WARN_OBJC_IMPLICIT_RETAIN_SELF = YES;
				CLANG_WARN_OBJC_LITERAL_CONVERSION = YES;
				CLANG_WARN_OBJC_ROOT_CLASS = YES_ERROR;
				CLANG_WARN_QUOTED_INCLUDE_IN_FRAMEWORK_HEADER = YES;
				CLANG_WARN_RANGE_LOOP_ANALYSIS = YES;
				CLANG_WARN_STRICT_PROTOTYPES = YES;
				CLANG_WARN_SUSPICIOUS_MOVE = YES;
				CLANG_WARN_UNGUARDED_AVAILABILITY = YES_AGGRESSIVE;
				CLANG_WARN_UNREACHABLE_CODE = YES;
				CLANG_WARN__DUPLICATE_METHOD_MATCH = YES;
				COPY_PHASE_STRIP = NO;
				DEBUG_INFORMATION_FORMAT = "dwarf-with-dsym";
				ENABLE_NS_ASSERTIONS = NO;
				ENABLE_STRICT_OBJC_MSGSEND = YES;
				ENABLE_USER_SCRIPT_SANDBOXING = YES;
				GCC_C_LANGUAGE_STANDARD = gnu17;
				GCC_NO_COMMON_BLOCKS = YES;
				GCC_WARN_64_TO_32_BIT_CONVERSION = YES;
				GCC_WARN_ABOUT_RETURN_TYPE = YES_ERROR;
				GCC_WARN_UNDECLARED_SELECTOR = YES;
				GCC_WARN_UNINITIALIZED_AUTOS = YES_AGGRESSIVE;
				GCC_WARN_UNUSED_FUNCTION = YES;
				GCC_WARN_UNUSED_VARIABLE = YES;
				IPHONEOS_DEPLOYMENT_TARGET = 17.2;
				LOCALIZATION_PREFERS_STRING_CATALOGS = YES;
				MTL_ENABLE_DEBUG_INFO = NO;
				MTL_FAST_MATH = YES;
				SDKROOT = iphoneos;
				SWIFT_COMPILATION_MODE = wholemodule;
				VALIDATE_PRODUCT = YES;
			};
			name = Release;
		};
		1A37B5022C1A4AD700FADA3B /* Debug */ = {
			isa = XCBuildConfiguration;
			buildSettings = {
				ASSETCATALOG_COMPILER_APPICON_NAME = AppIcon;
				ASSETCATALOG_COMPILER_GLOBAL_ACCENT_COLOR_NAME = AccentColor;
				CODE_SIGN_STYLE = Automatic;
				CURRENT_PROJECT_VERSION = 1;
				DEVELOPMENT_ASSET_PATHS = "\"TaskList/Preview Content\"";
				ENABLE_PREVIEWS = YES;
				GENERATE_INFOPLIST_FILE = YES;
				INFOPLIST_KEY_UIApplicationSceneManifest_Generation = YES;
				INFOPLIST_KEY_UIApplicationSupportsIndirectInputEvents = YES;
				INFOPLIST_KEY_UILaunchScreen_Generation = YES;
				INFOPLIST_KEY_UISupportedInterfaceOrientations_iPad = "UIInterfaceOrientationPortrait UIInterfaceOrientationPortraitUpsideDown UIInterfaceOrientationLandscapeLeft UIInterfaceOrientationLandscapeRight";
				INFOPLIST_KEY_UISupportedInterfaceOrientations_iPhone = "UIInterfaceOrientationPortrait UIInterfaceOrientationLandscapeLeft UIInterfaceOrientationLandscapeRight";
				LD_RUNPATH_SEARCH_PATHS = (
					"$(inherited)",
					"@executable_path/Frameworks",
				);
				MARKETING_VERSION = 1.0;
				PRODUCT_BUNDLE_IDENTIFIER = witekmikolajczak.TaskList;
				PRODUCT_NAME = "$(TARGET_NAME)";
				SWIFT_EMIT_LOC_STRINGS = YES;
				SWIFT_VERSION = 5.0;
				TARGETED_DEVICE_FAMILY = "1,2";
			};
			name = Debug;
		};
		1A37B5032C1A4AD700FADA3B /* Release */ = {
			isa = XCBuildConfiguration;
			buildSettings = {
				ASSETCATALOG_COMPILER_APPICON_NAME = AppIcon;
				ASSETCATALOG_COMPILER_GLOBAL_ACCENT_COLOR_NAME = AccentColor;
				CODE_SIGN_STYLE = Automatic;
				CURRENT_PROJECT_VERSION = 1;
				DEVELOPMENT_ASSET_PATHS = "\"TaskList/Preview Content\"";
				ENABLE_PREVIEWS = YES;
				GENERATE_INFOPLIST_FILE = YES;
				INFOPLIST_KEY_UIApplicationSceneManifest_Generation = YES;
				INFOPLIST_KEY_UIApplicationSupportsIndirectInputEvents = YES;
				INFOPLIST_KEY_UILaunchScreen_Generation = YES;
				INFOPLIST_KEY_UISupportedInterfaceOrientations_iPad = "UIInterfaceOrientationPortrait UIInterfaceOrientationPortraitUpsideDown UIInterfaceOrientationLandscapeLeft UIInterfaceOrientationLandscapeRight";
				INFOPLIST_KEY_UISupportedInterfaceOrientations_iPhone = "UIInterfaceOrientationPortrait UIInterfaceOrientationLandscapeLeft UIInterfaceOrientationLandscapeRight";
				LD_RUNPATH_SEARCH_PATHS = (
					"$(inherited)",
					"@executable_path/Frameworks",
				);
				MARKETING_VERSION = 1.0;
				PRODUCT_BUNDLE_IDENTIFIER = witekmikolajczak.TaskList;
				PRODUCT_NAME = "$(TARGET_NAME)";
				SWIFT_EMIT_LOC_STRINGS = YES;
				SWIFT_VERSION = 5.0;
				TARGETED_DEVICE_FAMILY = "1,2";
			};
			name = Release;
		};
		1A37B5052C1A4AD700FADA3B /* Debug */ = {
			isa = XCBuildConfiguration;
			buildSettings = {
				ALWAYS_EMBED_SWIFT_STANDARD_LIBRARIES = YES;
				BUNDLE_LOADER = "$(TEST_HOST)";
				CODE_SIGN_STYLE = Automatic;
				CURRENT_PROJECT_VERSION = 1;
				GENERATE_INFOPLIST_FILE = YES;
				IPHONEOS_DEPLOYMENT_TARGET = 17.2;
				MARKETING_VERSION = 1.0;
				PRODUCT_BUNDLE_IDENTIFIER = witekmikolajczak.TaskListTests;
				PRODUCT_NAME = "$(TARGET_NAME)";
				SWIFT_EMIT_LOC_STRINGS = NO;
				SWIFT_VERSION = 5.0;
				TARGETED_DEVICE_FAMILY = "1,2";
				TEST_HOST = "$(BUILT_PRODUCTS_DIR)/TaskList.app/$(BUNDLE_EXECUTABLE_FOLDER_PATH)/TaskList";
			};
			name = Debug;
		};
		1A37B5062C1A4AD700FADA3B /* Release */ = {
			isa = XCBuildConfiguration;
			buildSettings = {
				ALWAYS_EMBED_SWIFT_STANDARD_LIBRARIES = YES;
				BUNDLE_LOADER = "$(TEST_HOST)";
				CODE_SIGN_STYLE = Automatic;
				CURRENT_PROJECT_VERSION = 1;
				GENERATE_INFOPLIST_FILE = YES;
				IPHONEOS_DEPLOYMENT_TARGET = 17.2;
				MARKETING_VERSION = 1.0;
				PRODUCT_BUNDLE_IDENTIFIER = witekmikolajczak.TaskListTests;
				PRODUCT_NAME = "$(TARGET_NAME)";
				SWIFT_EMIT_LOC_STRINGS = NO;
				SWIFT_VERSION = 5.0;
				TARGETED_DEVICE_FAMILY = "1,2";
				TEST_HOST = "$(BUILT_PRODUCTS_DIR)/TaskList.app/$(BUNDLE_EXECUTABLE_FOLDER_PATH)/TaskList";
			};
			name = Release;
		};
		1A37B5082C1A4AD700FADA3B /* Debug */ = {
			isa = XCBuildConfiguration;
			buildSettings = {
				ALWAYS_EMBED_SWIFT_STANDARD_LIBRARIES = YES;
				CODE_SIGN_STYLE = Automatic;
				CURRENT_PROJECT_VERSION = 1;
				GENERATE_INFOPLIST_FILE = YES;
				MARKETING_VERSION = 1.0;
				PRODUCT_BUNDLE_IDENTIFIER = witekmikolajczak.TaskListUITests;
				PRODUCT_NAME = "$(TARGET_NAME)";
				SWIFT_EMIT_LOC_STRINGS = NO;
				SWIFT_VERSION = 5.0;
				TARGETED_DEVICE_FAMILY = "1,2";
				TEST_TARGET_NAME = TaskList;
			};
			name = Debug;
		};
		1A37B5092C1A4AD700FADA3B /* Release */ = {
			isa = XCBuildConfiguration;
			buildSettings = {
				ALWAYS_EMBED_SWIFT_STANDARD_LIBRARIES = YES;
				CODE_SIGN_STYLE = Automatic;
				CURRENT_PROJECT_VERSION = 1;
				GENERATE_INFOPLIST_FILE = YES;
				MARKETING_VERSION = 1.0;
				PRODUCT_BUNDLE_IDENTIFIER = witekmikolajczak.TaskListUITests;
				PRODUCT_NAME = "$(TARGET_NAME)";
				SWIFT_EMIT_LOC_STRINGS = NO;
				SWIFT_VERSION = 5.0;
				TARGETED_DEVICE_FAMILY = "1,2";
				TEST_TARGET_NAME = TaskList;
			};
			name = Release;
		};
/* End XCBuildConfiguration section */

/* Begin XCConfigurationList section */
		1A37B4D82C1A4AD500FADA3B /* Build configuration list for PBXProject "TaskList" */ = {
			isa = XCConfigurationList;
			buildConfigurations = (
				1A37B4FF2C1A4AD700FADA3B /* Debug */,
				1A37B5002C1A4AD700FADA3B /* Release */,
			);
			defaultConfigurationIsVisible = 0;
			defaultConfigurationName = Release;
		};
		1A37B5012C1A4AD700FADA3B /* Build configuration list for PBXNativeTarget "TaskList" */ = {
			isa = XCConfigurationList;
			buildConfigurations = (
				1A37B5022C1A4AD700FADA3B /* Debug */,
				1A37B5032C1A4AD700FADA3B /* Release */,
			);
			defaultConfigurationIsVisible = 0;
			defaultConfigurationName = Release;
		};
		1A37B5042C1A4AD700FADA3B /* Build configuration list for PBXNativeTarget "TaskListTests" */ = {
			isa = XCConfigurationList;
			buildConfigurations = (
				1A37B5052C1A4AD700FADA3B /* Debug */,
				1A37B5062C1A4AD700FADA3B /* Release */,
			);
			defaultConfigurationIsVisible = 0;
			defaultConfigurationName = Release;
		};
		1A37B5072C1A4AD700FADA3B /* Build configuration list for PBXNativeTarget "TaskListUITests" */ = {
			isa = XCConfigurationList;
			buildConfigurations = (
				1A37B5082C1A4AD700FADA3B /* Debug */,
				1A37B5092C1A4AD700FADA3B /* Release */,
			);
			defaultConfigurationIsVisible = 0;
			defaultConfigurationName = Release;
		};
/* End XCConfigurationList section */
	};
	rootObject = 1A37B4D52C1A4AD500FADA3B /* Project object */;
}
